
Microsoft Visual Studio Solution File, Format Version 12.00
# Visual Studio Version 16
VisualStudioVersion = 16.0.28803.352
MinimumVisualStudioVersion = 10.0.40219.1
Project("{FAE04EC0-301F-11D3-BF4B-00C04F79EFBC}") = "MethodExercise3", "MethodExercise3\MethodExercise3.csproj", "{7E0BBC0D-EC38-4463-A8B3-7FD7FA0AA8B9}"
EndProject
Global
	GlobalSection(SolutionConfigurationPlatforms) = preSolution
		Debug|Any CPU = Debug|Any CPU
		Release|Any CPU = Release|Any CPU
	EndGlobalSection
	GlobalSection(ProjectConfigurationPlatforms) = postSolution
		{7E0BBC0D-EC38-4463-A8B3-7FD7FA0AA8B9}.Debug|Any CPU.ActiveCfg = Debug|Any CPU
		{7E0BBC0D-EC38-4463-A8B3-7FD7FA0AA8B9}.Debug|Any CPU.Build.0 = Debug|Any CPU
		{7E0BBC0D-EC38-4463-A8B3-7FD7FA0AA8B9}.Release|Any CPU.ActiveCfg = Release|Any CPU
		{7E0BBC0D-EC38-4463-A8B3-7FD7FA0AA8B9}.Release|Any CPU.Build.0 = Release|Any CPU
	EndGlobalSection
	GlobalSection(SolutionProperties) = preSolution
		HideSolutionNode = FALSE
	EndGlobalSection
	GlobalSection(ExtensibilityGlobals) = postSolution
		SolutionGuid = {D266A7F6-97FC-4870-8A52-8B5A9EBA3EC5}
	EndGlobalSection
EndGlobal
