
Microsoft Visual Studio Solution File, Format Version 12.00
# Visual Studio Version 16
VisualStudioVersion = 16.0.28803.352
MinimumVisualStudioVersion = 10.0.40219.1
Project("{FAE04EC0-301F-11D3-BF4B-00C04F79EFBC}") = "CSInterviewPractice", "CSInterviewPractice\CSInterviewPractice.csproj", "{A15972B3-ACE5-486C-9AF3-FF05C151F914}"
EndProject
Global
	GlobalSection(SolutionConfigurationPlatforms) = preSolution
		Debug|Any CPU = Debug|Any CPU
		Release|Any CPU = Release|Any CPU
	EndGlobalSection
	GlobalSection(ProjectConfigurationPlatforms) = postSolution
		{A15972B3-ACE5-486C-9AF3-FF05C151F914}.Debug|Any CPU.ActiveCfg = Debug|Any CPU
		{A15972B3-ACE5-486C-9AF3-FF05C151F914}.Debug|Any CPU.Build.0 = Debug|Any CPU
		{A15972B3-ACE5-486C-9AF3-FF05C151F914}.Release|Any CPU.ActiveCfg = Release|Any CPU
		{A15972B3-ACE5-486C-9AF3-FF05C151F914}.Release|Any CPU.Build.0 = Release|Any CPU
	EndGlobalSection
	GlobalSection(SolutionProperties) = preSolution
		HideSolutionNode = FALSE
	EndGlobalSection
	GlobalSection(ExtensibilityGlobals) = postSolution
		SolutionGuid = {211069D6-2671-45E0-9213-2378E83CEEFD}
	EndGlobalSection
EndGlobal
