
Microsoft Visual Studio Solution File, Format Version 12.00
# Visual Studio Version 16
VisualStudioVersion = 16.0.28803.352
MinimumVisualStudioVersion = 10.0.40219.1
Project("{FAE04EC0-301F-11D3-BF4B-00C04F79EFBC}") = "OperatorOverloadExercise", "OperatorOverloadExercise\OperatorOverloadExercise.csproj", "{8F38306F-1637-4CDC-97CF-022DFD5DA9E6}"
EndProject
Global
	GlobalSection(SolutionConfigurationPlatforms) = preSolution
		Debug|Any CPU = Debug|Any CPU
		Release|Any CPU = Release|Any CPU
	EndGlobalSection
	GlobalSection(ProjectConfigurationPlatforms) = postSolution
		{8F38306F-1637-4CDC-97CF-022DFD5DA9E6}.Debug|Any CPU.ActiveCfg = Debug|Any CPU
		{8F38306F-1637-4CDC-97CF-022DFD5DA9E6}.Debug|Any CPU.Build.0 = Debug|Any CPU
		{8F38306F-1637-4CDC-97CF-022DFD5DA9E6}.Release|Any CPU.ActiveCfg = Release|Any CPU
		{8F38306F-1637-4CDC-97CF-022DFD5DA9E6}.Release|Any CPU.Build.0 = Release|Any CPU
	EndGlobalSection
	GlobalSection(SolutionProperties) = preSolution
		HideSolutionNode = FALSE
	EndGlobalSection
	GlobalSection(ExtensibilityGlobals) = postSolution
		SolutionGuid = {FD90A11E-1EC6-4416-B0EA-855510C5B6D1}
	EndGlobalSection
EndGlobal
