
Microsoft Visual Studio Solution File, Format Version 12.00
# Visual Studio Version 16
VisualStudioVersion = 16.0.28803.352
MinimumVisualStudioVersion = 10.0.40219.1
Project("{FAE04EC0-301F-11D3-BF4B-00C04F79EFBC}") = "TechAcadStudentsMVC", "TechAcadStudentsMVC\TechAcadStudentsMVC.csproj", "{55B00004-4791-4135-A32F-7FD2B86CE4FE}"
EndProject
Global
	GlobalSection(SolutionConfigurationPlatforms) = preSolution
		Debug|Any CPU = Debug|Any CPU
		Release|Any CPU = Release|Any CPU
	EndGlobalSection
	GlobalSection(ProjectConfigurationPlatforms) = postSolution
		{55B00004-4791-4135-A32F-7FD2B86CE4FE}.Debug|Any CPU.ActiveCfg = Debug|Any CPU
		{55B00004-4791-4135-A32F-7FD2B86CE4FE}.Debug|Any CPU.Build.0 = Debug|Any CPU
		{55B00004-4791-4135-A32F-7FD2B86CE4FE}.Release|Any CPU.ActiveCfg = Release|Any CPU
		{55B00004-4791-4135-A32F-7FD2B86CE4FE}.Release|Any CPU.Build.0 = Release|Any CPU
	EndGlobalSection
	GlobalSection(SolutionProperties) = preSolution
		HideSolutionNode = FALSE
	EndGlobalSection
	GlobalSection(ExtensibilityGlobals) = postSolution
		SolutionGuid = {E1F5D56F-4B18-446A-97D3-1DCA6BA6AE67}
	EndGlobalSection
EndGlobal
