
Microsoft Visual Studio Solution File, Format Version 12.00
# Visual Studio Version 16
VisualStudioVersion = 16.0.28803.352
MinimumVisualStudioVersion = 10.0.40219.1
Project("{FAE04EC0-301F-11D3-BF4B-00C04F79EFBC}") = "StructExercise", "StructExercise\StructExercise.csproj", "{D1117425-7EA1-44A3-B3D9-2065EF1D66DF}"
EndProject
Global
	GlobalSection(SolutionConfigurationPlatforms) = preSolution
		Debug|Any CPU = Debug|Any CPU
		Release|Any CPU = Release|Any CPU
	EndGlobalSection
	GlobalSection(ProjectConfigurationPlatforms) = postSolution
		{D1117425-7EA1-44A3-B3D9-2065EF1D66DF}.Debug|Any CPU.ActiveCfg = Debug|Any CPU
		{D1117425-7EA1-44A3-B3D9-2065EF1D66DF}.Debug|Any CPU.Build.0 = Debug|Any CPU
		{D1117425-7EA1-44A3-B3D9-2065EF1D66DF}.Release|Any CPU.ActiveCfg = Release|Any CPU
		{D1117425-7EA1-44A3-B3D9-2065EF1D66DF}.Release|Any CPU.Build.0 = Release|Any CPU
	EndGlobalSection
	GlobalSection(SolutionProperties) = preSolution
		HideSolutionNode = FALSE
	EndGlobalSection
	GlobalSection(ExtensibilityGlobals) = postSolution
		SolutionGuid = {8B454450-B94A-44DA-BE8C-1315F33F58D9}
	EndGlobalSection
EndGlobal
